// !$*UTF8*$!
{
	archiveVersion = 1;
	classes = {
	};
	objectVersion = 51;
	objects = {

/* Begin PBXBuildFile section */
		1017FC243F7C197C2237B791 /* Pods_BrainMove_BrainMoveUITests.framework in Frameworks */ = {isa = PBXBuildFile; fileRef = 138A0C5F4CD7D4661F28ACE0 /* Pods_BrainMove_BrainMoveUITests.framework */; };
		5340F0926BCD031CC70D753A /* Pods_BrainMove.framework in Frameworks */ = {isa = PBXBuildFile; fileRef = 7F45776C82ED13FF81F92706 /* Pods_BrainMove.framework */; };
		CA148BA824AD726200E7F5D4 /* SettingsViewController.swift in Sources */ = {isa = PBXBuildFile; fileRef = CA148BA724AD726200E7F5D4 /* SettingsViewController.swift */; };
		CA148BAA24AD72EF00E7F5D4 /* SettingsViewModel.swift in Sources */ = {isa = PBXBuildFile; fileRef = CA148BA924AD72EF00E7F5D4 /* SettingsViewModel.swift */; };
		CA148BAE24AEB94A00E7F5D4 /* ImageUploader.swift in Sources */ = {isa = PBXBuildFile; fileRef = CA148BAD24AEB94A00E7F5D4 /* ImageUploader.swift */; };
		CA148BB124AEBA8D00E7F5D4 /* Constants.swift in Sources */ = {isa = PBXBuildFile; fileRef = CA148BB024AEBA8D00E7F5D4 /* Constants.swift */; };
		CA148BB324AEBFF100E7F5D4 /* MeasurementsViewController+UIImagePicker.swift in Sources */ = {isa = PBXBuildFile; fileRef = CA148BB224AEBFF100E7F5D4 /* MeasurementsViewController+UIImagePicker.swift */; };
		CA148BB524AFEAFE00E7F5D4 /* PaymentsViewController.swift in Sources */ = {isa = PBXBuildFile; fileRef = CA148BB424AFEAFE00E7F5D4 /* PaymentsViewController.swift */; };
		CA148BB724AFEF3700E7F5D4 /* PaymentCell.swift in Sources */ = {isa = PBXBuildFile; fileRef = CA148BB624AFEF3700E7F5D4 /* PaymentCell.swift */; };
		CA148BB924AFEFDD00E7F5D4 /* Payment.swift in Sources */ = {isa = PBXBuildFile; fileRef = CA148BB824AFEFDD00E7F5D4 /* Payment.swift */; };
		CA148BBB24AFF22600E7F5D4 /* PaymentsViewModel.swift in Sources */ = {isa = PBXBuildFile; fileRef = CA148BBA24AFF22600E7F5D4 /* PaymentsViewModel.swift */; };
		CA5034BA24A7A35300C09F5E /* BlockCell.swift in Sources */ = {isa = PBXBuildFile; fileRef = CA5034B924A7A35300C09F5E /* BlockCell.swift */; };
		CA5034BC24A7A49200C09F5E /* RoutineViewController.swift in Sources */ = {isa = PBXBuildFile; fileRef = CA5034BB24A7A49200C09F5E /* RoutineViewController.swift */; };
		CA5034C024A7D53F00C09F5E /* WorkoutDetailViewController.swift in Sources */ = {isa = PBXBuildFile; fileRef = CA5034BF24A7D53F00C09F5E /* WorkoutDetailViewController.swift */; };
		CA5034C224A7D6DA00C09F5E /* WorkoutCell.swift in Sources */ = {isa = PBXBuildFile; fileRef = CA5034C124A7D6DA00C09F5E /* WorkoutCell.swift */; };
		CA5034C724A803CB00C09F5E /* ExerciseExplanationViewController.swift in Sources */ = {isa = PBXBuildFile; fileRef = CA5034C624A803CB00C09F5E /* ExerciseExplanationViewController.swift */; };
		CA5034C924A8050F00C09F5E /* ExerciseCell.swift in Sources */ = {isa = PBXBuildFile; fileRef = CA5034C824A8050F00C09F5E /* ExerciseCell.swift */; };
		CA5034CF24A91C2B00C09F5E /* TrendsViewController.swift in Sources */ = {isa = PBXBuildFile; fileRef = CA5034CE24A91C2B00C09F5E /* TrendsViewController.swift */; };
		CA5034D124A98E0300C09F5E /* TrendsViewModel.swift in Sources */ = {isa = PBXBuildFile; fileRef = CA5034D024A98E0300C09F5E /* TrendsViewModel.swift */; };
		CA5034D724AAAD0E00C09F5E /* CreateAccountViewModel.swift in Sources */ = {isa = PBXBuildFile; fileRef = CA5034D624AAAD0E00C09F5E /* CreateAccountViewModel.swift */; };
		CA5034D924AC22AA00C09F5E /* UIViewController+Error.swift in Sources */ = {isa = PBXBuildFile; fileRef = CA5034D824AC22AA00C09F5E /* UIViewController+Error.swift */; };
		CA9B282E24802F780003E870 /* AppDelegate.swift in Sources */ = {isa = PBXBuildFile; fileRef = CA9B282D24802F780003E870 /* AppDelegate.swift */; };
		CA9B283024802F780003E870 /* SceneDelegate.swift in Sources */ = {isa = PBXBuildFile; fileRef = CA9B282F24802F780003E870 /* SceneDelegate.swift */; };
		CA9B283224802F780003E870 /* ViewController.swift in Sources */ = {isa = PBXBuildFile; fileRef = CA9B283124802F780003E870 /* ViewController.swift */; };
		CA9B283524802F780003E870 /* Main.storyboard in Resources */ = {isa = PBXBuildFile; fileRef = CA9B283324802F780003E870 /* Main.storyboard */; };
		CA9B283724802F780003E870 /* Assets.xcassets in Resources */ = {isa = PBXBuildFile; fileRef = CA9B283624802F780003E870 /* Assets.xcassets */; };
		CA9B283A24802F780003E870 /* LaunchScreen.storyboard in Resources */ = {isa = PBXBuildFile; fileRef = CA9B283824802F780003E870 /* LaunchScreen.storyboard */; };
		CA9B284524802F790003E870 /* BrainMoveTests.swift in Sources */ = {isa = PBXBuildFile; fileRef = CA9B284424802F790003E870 /* BrainMoveTests.swift */; };
		CA9B285024802F790003E870 /* BrainMoveUITests.swift in Sources */ = {isa = PBXBuildFile; fileRef = CA9B284F24802F790003E870 /* BrainMoveUITests.swift */; };
		CA9B285E248058A80003E870 /* UIColorExt.swift in Sources */ = {isa = PBXBuildFile; fileRef = CA9B285D248058A80003E870 /* UIColorExt.swift */; };
		CA9B286124805CB20003E870 /* MDCTextInputControllerFilledExt.swift in Sources */ = {isa = PBXBuildFile; fileRef = CA9B286024805CB20003E870 /* MDCTextInputControllerFilledExt.swift */; };
		CA9B2864248072610003E870 /* Localizable.strings in Resources */ = {isa = PBXBuildFile; fileRef = CA9B2863248072600003E870 /* Localizable.strings */; };
		CA9B28672480804C0003E870 /* ForgotPasswordViewController.swift in Sources */ = {isa = PBXBuildFile; fileRef = CA9B28662480804C0003E870 /* ForgotPasswordViewController.swift */; };
		CA9B286B2480A19C0003E870 /* UIViewController+TextField.swift in Sources */ = {isa = PBXBuildFile; fileRef = CA9B286A2480A19C0003E870 /* UIViewController+TextField.swift */; };
		CA9B286E2480A62E0003E870 /* LoginViewModel.swift in Sources */ = {isa = PBXBuildFile; fileRef = CA9B286D2480A62E0003E870 /* LoginViewModel.swift */; };
		CA9B28702480ABFC0003E870 /* ButtonExt.swift in Sources */ = {isa = PBXBuildFile; fileRef = CA9B286F2480ABFC0003E870 /* ButtonExt.swift */; };
		CA9B28722480B0010003E870 /* GoogleService-Info.plist in Resources */ = {isa = PBXBuildFile; fileRef = CA9B28712480B0010003E870 /* GoogleService-Info.plist */; };
		CA9B28742480C0AA0003E870 /* ForgotPasswordViewModel.swift in Sources */ = {isa = PBXBuildFile; fileRef = CA9B28732480C0AA0003E870 /* ForgotPasswordViewModel.swift */; };
		CAD9680424B69D8600D30039 /* UIImageView+Rounded.swift in Sources */ = {isa = PBXBuildFile; fileRef = CAD9680324B69D8600D30039 /* UIImageView+Rounded.swift */; };
		CADD84632482F62D0085D76E /* ViewController+Snackbar.swift in Sources */ = {isa = PBXBuildFile; fileRef = CADD84622482F62D0085D76E /* ViewController+Snackbar.swift */; };
		CADD84652482FDA00085D76E /* CreateAccountViewController.swift in Sources */ = {isa = PBXBuildFile; fileRef = CADD84642482FDA00085D76E /* CreateAccountViewController.swift */; };
		CADD846C249C3DDB0085D76E /* MeasurementsView.swift in Sources */ = {isa = PBXBuildFile; fileRef = CADD846B249C3DDB0085D76E /* MeasurementsView.swift */; };
		CADD8474249D93B80085D76E /* MeasurementsViewController.swift in Sources */ = {isa = PBXBuildFile; fileRef = CADD8473249D93B80085D76E /* MeasurementsViewController.swift */; };
		CADD8476249D94970085D76E /* UILabel+Ext.swift in Sources */ = {isa = PBXBuildFile; fileRef = CADD8475249D94970085D76E /* UILabel+Ext.swift */; };
		CADD8479249DCB4B0085D76E /* MeasurementsView.xib in Resources */ = {isa = PBXBuildFile; fileRef = CADD8478249DCB4B0085D76E /* MeasurementsView.xib */; };
		CADD847B249E903F0085D76E /* ReservationsViewController.swift in Sources */ = {isa = PBXBuildFile; fileRef = CADD847A249E903F0085D76E /* ReservationsViewController.swift */; };
		CADD847E249EAE860085D76E /* ReservationTableViewCell.swift in Sources */ = {isa = PBXBuildFile; fileRef = CADD847D249EAE860085D76E /* ReservationTableViewCell.swift */; };
		CADD8480249ECF590085D76E /* PlanViewController.swift in Sources */ = {isa = PBXBuildFile; fileRef = CADD847F249ECF590085D76E /* PlanViewController.swift */; };
		CADD8482249ED0800085D76E /* UIView+Utils.swift in Sources */ = {isa = PBXBuildFile; fileRef = CADD8481249ED0800085D76E /* UIView+Utils.swift */; };
		CADD848424A01E0F0085D76E /* LauncherViewController.swift in Sources */ = {isa = PBXBuildFile; fileRef = CADD848324A01E0F0085D76E /* LauncherViewController.swift */; };
		CADD848624A01F4F0085D76E /* LauncherViewModel.swift in Sources */ = {isa = PBXBuildFile; fileRef = CADD848524A01F4F0085D76E /* LauncherViewModel.swift */; };
		CADD848824A053C40085D76E /* LoadingView.xib in Resources */ = {isa = PBXBuildFile; fileRef = CADD848724A053C40085D76E /* LoadingView.xib */; };
		CADD848A24A054110085D76E /* LoadingView.swift in Sources */ = {isa = PBXBuildFile; fileRef = CADD848924A054110085D76E /* LoadingView.swift */; };
		CADD848C24A0558D0085D76E /* UIViewController+Spinner.swift in Sources */ = {isa = PBXBuildFile; fileRef = CADD848B24A0558D0085D76E /* UIViewController+Spinner.swift */; };
		CADD848E24A2BECF0085D76E /* String+Validations.swift in Sources */ = {isa = PBXBuildFile; fileRef = CADD848D24A2BECF0085D76E /* String+Validations.swift */; };
		CADD849024A2C0070085D76E /* MeasurementsViewModel.swift in Sources */ = {isa = PBXBuildFile; fileRef = CADD848F24A2C0070085D76E /* MeasurementsViewModel.swift */; };
		CADD849324A2C5DE0085D76E /* Measurement.swift in Sources */ = {isa = PBXBuildFile; fileRef = CADD849224A2C5DE0085D76E /* Measurement.swift */; };
		CADD849524A3CF010085D76E /* Reservation.swift in Sources */ = {isa = PBXBuildFile; fileRef = CADD849424A3CF010085D76E /* Reservation.swift */; };
		CADD849724A418F00085D76E /* ReservationsViewModel.swift in Sources */ = {isa = PBXBuildFile; fileRef = CADD849624A418F00085D76E /* ReservationsViewModel.swift */; };
		CADD849924A6B0B70085D76E /* PlanViewModel.swift in Sources */ = {isa = PBXBuildFile; fileRef = CADD849824A6B0B70085D76E /* PlanViewModel.swift */; };
		CADD849B24A6B1640085D76E /* Plan.swift in Sources */ = {isa = PBXBuildFile; fileRef = CADD849A24A6B1630085D76E /* Plan.swift */; };
		CADD849D24A6B1720085D76E /* Routine.swift in Sources */ = {isa = PBXBuildFile; fileRef = CADD849C24A6B1720085D76E /* Routine.swift */; };
		CADD849F24A6B1840085D76E /* Block.swift in Sources */ = {isa = PBXBuildFile; fileRef = CADD849E24A6B1840085D76E /* Block.swift */; };
		CADD84A124A6B1930085D76E /* Exercise.swift in Sources */ = {isa = PBXBuildFile; fileRef = CADD84A024A6B1930085D76E /* Exercise.swift */; };
		CADD84A324A6C71C0085D76E /* RoutineCell.swift in Sources */ = {isa = PBXBuildFile; fileRef = CADD84A224A6C71C0085D76E /* RoutineCell.swift */; };
		D4F8B7560CD831848D60B268 /* Pods_BrainMoveTests.framework in Frameworks */ = {isa = PBXBuildFile; fileRef = 057E38CD066E946370269415 /* Pods_BrainMoveTests.framework */; };
/* End PBXBuildFile section */

/* Begin PBXContainerItemProxy section */
		CA9B284124802F790003E870 /* PBXContainerItemProxy */ = {
			isa = PBXContainerItemProxy;
			containerPortal = CA9B282224802F780003E870 /* Project object */;
			proxyType = 1;
			remoteGlobalIDString = CA9B282924802F780003E870;
			remoteInfo = BrainMove;
		};
		CA9B284C24802F790003E870 /* PBXContainerItemProxy */ = {
			isa = PBXContainerItemProxy;
			containerPortal = CA9B282224802F780003E870 /* Project object */;
			proxyType = 1;
			remoteGlobalIDString = CA9B282924802F780003E870;
			remoteInfo = BrainMove;
		};
/* End PBXContainerItemProxy section */

/* Begin PBXFileReference section */
		057E38CD066E946370269415 /* Pods_BrainMoveTests.framework */ = {isa = PBXFileReference; explicitFileType = wrapper.framework; includeInIndex = 0; path = Pods_BrainMoveTests.framework; sourceTree = BUILT_PRODUCTS_DIR; };
		138A0C5F4CD7D4661F28ACE0 /* Pods_BrainMove_BrainMoveUITests.framework */ = {isa = PBXFileReference; explicitFileType = wrapper.framework; includeInIndex = 0; path = Pods_BrainMove_BrainMoveUITests.framework; sourceTree = BUILT_PRODUCTS_DIR; };
		38E29AB19C8853C2EFAF9036 /* Pods-BrainMoveTests.debug.xcconfig */ = {isa = PBXFileReference; includeInIndex = 1; lastKnownFileType = text.xcconfig; name = "Pods-BrainMoveTests.debug.xcconfig"; path = "Target Support Files/Pods-BrainMoveTests/Pods-BrainMoveTests.debug.xcconfig"; sourceTree = "<group>"; };
		3B12C1F65979B970E4E5A9CC /* Pods-BrainMove-BrainMoveUITests.release.xcconfig */ = {isa = PBXFileReference; includeInIndex = 1; lastKnownFileType = text.xcconfig; name = "Pods-BrainMove-BrainMoveUITests.release.xcconfig"; path = "Target Support Files/Pods-BrainMove-BrainMoveUITests/Pods-BrainMove-BrainMoveUITests.release.xcconfig"; sourceTree = "<group>"; };
		7F45776C82ED13FF81F92706 /* Pods_BrainMove.framework */ = {isa = PBXFileReference; explicitFileType = wrapper.framework; includeInIndex = 0; path = Pods_BrainMove.framework; sourceTree = BUILT_PRODUCTS_DIR; };
		8BCABF8E66C5205F0EE9F15E /* Pods-BrainMoveTests.release.xcconfig */ = {isa = PBXFileReference; includeInIndex = 1; lastKnownFileType = text.xcconfig; name = "Pods-BrainMoveTests.release.xcconfig"; path = "Target Support Files/Pods-BrainMoveTests/Pods-BrainMoveTests.release.xcconfig"; sourceTree = "<group>"; };
		9365F6B2BD0A33361563341F /* Pods-BrainMove.release.xcconfig */ = {isa = PBXFileReference; includeInIndex = 1; lastKnownFileType = text.xcconfig; name = "Pods-BrainMove.release.xcconfig"; path = "Target Support Files/Pods-BrainMove/Pods-BrainMove.release.xcconfig"; sourceTree = "<group>"; };
		9443E15EE953B690926FF96F /* Pods-BrainMove.debug.xcconfig */ = {isa = PBXFileReference; includeInIndex = 1; lastKnownFileType = text.xcconfig; name = "Pods-BrainMove.debug.xcconfig"; path = "Target Support Files/Pods-BrainMove/Pods-BrainMove.debug.xcconfig"; sourceTree = "<group>"; };
		A8BFF04B72D8C0CD86F9CD0F /* Pods-BrainMove-BrainMoveUITests.debug.xcconfig */ = {isa = PBXFileReference; includeInIndex = 1; lastKnownFileType = text.xcconfig; name = "Pods-BrainMove-BrainMoveUITests.debug.xcconfig"; path = "Target Support Files/Pods-BrainMove-BrainMoveUITests/Pods-BrainMove-BrainMoveUITests.debug.xcconfig"; sourceTree = "<group>"; };
		CA148BA724AD726200E7F5D4 /* SettingsViewController.swift */ = {isa = PBXFileReference; lastKnownFileType = sourcecode.swift; path = SettingsViewController.swift; sourceTree = "<group>"; };
		CA148BA924AD72EF00E7F5D4 /* SettingsViewModel.swift */ = {isa = PBXFileReference; lastKnownFileType = sourcecode.swift; path = SettingsViewModel.swift; sourceTree = "<group>"; };
		CA148BAD24AEB94A00E7F5D4 /* ImageUploader.swift */ = {isa = PBXFileReference; lastKnownFileType = sourcecode.swift; path = ImageUploader.swift; sourceTree = "<group>"; };
		CA148BB024AEBA8D00E7F5D4 /* Constants.swift */ = {isa = PBXFileReference; lastKnownFileType = sourcecode.swift; path = Constants.swift; sourceTree = "<group>"; };
		CA148BB224AEBFF100E7F5D4 /* MeasurementsViewController+UIImagePicker.swift */ = {isa = PBXFileReference; lastKnownFileType = sourcecode.swift; path = "MeasurementsViewController+UIImagePicker.swift"; sourceTree = "<group>"; };
		CA148BB424AFEAFE00E7F5D4 /* PaymentsViewController.swift */ = {isa = PBXFileReference; lastKnownFileType = sourcecode.swift; path = PaymentsViewController.swift; sourceTree = "<group>"; };
		CA148BB624AFEF3700E7F5D4 /* PaymentCell.swift */ = {isa = PBXFileReference; lastKnownFileType = sourcecode.swift; path = PaymentCell.swift; sourceTree = "<group>"; };
		CA148BB824AFEFDD00E7F5D4 /* Payment.swift */ = {isa = PBXFileReference; lastKnownFileType = sourcecode.swift; path = Payment.swift; sourceTree = "<group>"; };
		CA148BBA24AFF22600E7F5D4 /* PaymentsViewModel.swift */ = {isa = PBXFileReference; lastKnownFileType = sourcecode.swift; path = PaymentsViewModel.swift; sourceTree = "<group>"; };
		CA5034B924A7A35300C09F5E /* BlockCell.swift */ = {isa = PBXFileReference; lastKnownFileType = sourcecode.swift; path = BlockCell.swift; sourceTree = "<group>"; };
		CA5034BB24A7A49200C09F5E /* RoutineViewController.swift */ = {isa = PBXFileReference; lastKnownFileType = sourcecode.swift; path = RoutineViewController.swift; sourceTree = "<group>"; };
		CA5034BF24A7D53F00C09F5E /* WorkoutDetailViewController.swift */ = {isa = PBXFileReference; lastKnownFileType = sourcecode.swift; path = WorkoutDetailViewController.swift; sourceTree = "<group>"; };
		CA5034C124A7D6DA00C09F5E /* WorkoutCell.swift */ = {isa = PBXFileReference; lastKnownFileType = sourcecode.swift; path = WorkoutCell.swift; sourceTree = "<group>"; };
		CA5034C624A803CB00C09F5E /* ExerciseExplanationViewController.swift */ = {isa = PBXFileReference; lastKnownFileType = sourcecode.swift; path = ExerciseExplanationViewController.swift; sourceTree = "<group>"; };
		CA5034C824A8050F00C09F5E /* ExerciseCell.swift */ = {isa = PBXFileReference; lastKnownFileType = sourcecode.swift; path = ExerciseCell.swift; sourceTree = "<group>"; };
		CA5034CE24A91C2B00C09F5E /* TrendsViewController.swift */ = {isa = PBXFileReference; lastKnownFileType = sourcecode.swift; path = TrendsViewController.swift; sourceTree = "<group>"; };
		CA5034D024A98E0300C09F5E /* TrendsViewModel.swift */ = {isa = PBXFileReference; lastKnownFileType = sourcecode.swift; path = TrendsViewModel.swift; sourceTree = "<group>"; };
		CA5034D624AAAD0E00C09F5E /* CreateAccountViewModel.swift */ = {isa = PBXFileReference; lastKnownFileType = sourcecode.swift; path = CreateAccountViewModel.swift; sourceTree = "<group>"; };
		CA5034D824AC22AA00C09F5E /* UIViewController+Error.swift */ = {isa = PBXFileReference; lastKnownFileType = sourcecode.swift; path = "UIViewController+Error.swift"; sourceTree = "<group>"; };
		CA9B282A24802F780003E870 /* BrainMove.app */ = {isa = PBXFileReference; explicitFileType = wrapper.application; includeInIndex = 0; path = BrainMove.app; sourceTree = BUILT_PRODUCTS_DIR; };
		CA9B282D24802F780003E870 /* AppDelegate.swift */ = {isa = PBXFileReference; lastKnownFileType = sourcecode.swift; path = AppDelegate.swift; sourceTree = "<group>"; };
		CA9B282F24802F780003E870 /* SceneDelegate.swift */ = {isa = PBXFileReference; lastKnownFileType = sourcecode.swift; path = SceneDelegate.swift; sourceTree = "<group>"; };
		CA9B283124802F780003E870 /* ViewController.swift */ = {isa = PBXFileReference; lastKnownFileType = sourcecode.swift; path = ViewController.swift; sourceTree = "<group>"; };
		CA9B283424802F780003E870 /* Base */ = {isa = PBXFileReference; lastKnownFileType = file.storyboard; name = Base; path = Base.lproj/Main.storyboard; sourceTree = "<group>"; };
		CA9B283624802F780003E870 /* Assets.xcassets */ = {isa = PBXFileReference; lastKnownFileType = folder.assetcatalog; path = Assets.xcassets; sourceTree = "<group>"; };
		CA9B283924802F780003E870 /* Base */ = {isa = PBXFileReference; lastKnownFileType = file.storyboard; name = Base; path = Base.lproj/LaunchScreen.storyboard; sourceTree = "<group>"; };
		CA9B283B24802F780003E870 /* Info.plist */ = {isa = PBXFileReference; lastKnownFileType = text.plist.xml; path = Info.plist; sourceTree = "<group>"; };
		CA9B284024802F790003E870 /* BrainMoveTests.xctest */ = {isa = PBXFileReference; explicitFileType = wrapper.cfbundle; includeInIndex = 0; path = BrainMoveTests.xctest; sourceTree = BUILT_PRODUCTS_DIR; };
		CA9B284424802F790003E870 /* BrainMoveTests.swift */ = {isa = PBXFileReference; lastKnownFileType = sourcecode.swift; path = BrainMoveTests.swift; sourceTree = "<group>"; };
		CA9B284624802F790003E870 /* Info.plist */ = {isa = PBXFileReference; lastKnownFileType = text.plist.xml; path = Info.plist; sourceTree = "<group>"; };
		CA9B284B24802F790003E870 /* BrainMoveUITests.xctest */ = {isa = PBXFileReference; explicitFileType = wrapper.cfbundle; includeInIndex = 0; path = BrainMoveUITests.xctest; sourceTree = BUILT_PRODUCTS_DIR; };
		CA9B284F24802F790003E870 /* BrainMoveUITests.swift */ = {isa = PBXFileReference; lastKnownFileType = sourcecode.swift; path = BrainMoveUITests.swift; sourceTree = "<group>"; };
		CA9B285124802F790003E870 /* Info.plist */ = {isa = PBXFileReference; lastKnownFileType = text.plist.xml; path = Info.plist; sourceTree = "<group>"; };
		CA9B285D248058A80003E870 /* UIColorExt.swift */ = {isa = PBXFileReference; lastKnownFileType = sourcecode.swift; path = UIColorExt.swift; sourceTree = "<group>"; };
		CA9B286024805CB20003E870 /* MDCTextInputControllerFilledExt.swift */ = {isa = PBXFileReference; lastKnownFileType = sourcecode.swift; path = MDCTextInputControllerFilledExt.swift; sourceTree = "<group>"; };
		CA9B2863248072600003E870 /* Localizable.strings */ = {isa = PBXFileReference; lastKnownFileType = text.plist.strings; path = Localizable.strings; sourceTree = "<group>"; };
		CA9B28662480804C0003E870 /* ForgotPasswordViewController.swift */ = {isa = PBXFileReference; lastKnownFileType = sourcecode.swift; path = ForgotPasswordViewController.swift; sourceTree = "<group>"; };
		CA9B286A2480A19C0003E870 /* UIViewController+TextField.swift */ = {isa = PBXFileReference; lastKnownFileType = sourcecode.swift; path = "UIViewController+TextField.swift"; sourceTree = "<group>"; };
		CA9B286D2480A62E0003E870 /* LoginViewModel.swift */ = {isa = PBXFileReference; lastKnownFileType = sourcecode.swift; path = LoginViewModel.swift; sourceTree = "<group>"; };
		CA9B286F2480ABFC0003E870 /* ButtonExt.swift */ = {isa = PBXFileReference; lastKnownFileType = sourcecode.swift; path = ButtonExt.swift; sourceTree = "<group>"; };
		CA9B28712480B0010003E870 /* GoogleService-Info.plist */ = {isa = PBXFileReference; fileEncoding = 4; lastKnownFileType = text.plist.xml; path = "GoogleService-Info.plist"; sourceTree = "<group>"; };
		CA9B28732480C0AA0003E870 /* ForgotPasswordViewModel.swift */ = {isa = PBXFileReference; lastKnownFileType = sourcecode.swift; path = ForgotPasswordViewModel.swift; sourceTree = "<group>"; };
		CAD9680324B69D8600D30039 /* UIImageView+Rounded.swift */ = {isa = PBXFileReference; lastKnownFileType = sourcecode.swift; path = "UIImageView+Rounded.swift"; sourceTree = "<group>"; };
		CADD84622482F62D0085D76E /* ViewController+Snackbar.swift */ = {isa = PBXFileReference; lastKnownFileType = sourcecode.swift; path = "ViewController+Snackbar.swift"; sourceTree = "<group>"; };
		CADD84642482FDA00085D76E /* CreateAccountViewController.swift */ = {isa = PBXFileReference; lastKnownFileType = sourcecode.swift; path = CreateAccountViewController.swift; sourceTree = "<group>"; };
		CADD846B249C3DDB0085D76E /* MeasurementsView.swift */ = {isa = PBXFileReference; lastKnownFileType = sourcecode.swift; path = MeasurementsView.swift; sourceTree = "<group>"; };
		CADD8473249D93B80085D76E /* MeasurementsViewController.swift */ = {isa = PBXFileReference; lastKnownFileType = sourcecode.swift; path = MeasurementsViewController.swift; sourceTree = "<group>"; };
		CADD8475249D94970085D76E /* UILabel+Ext.swift */ = {isa = PBXFileReference; lastKnownFileType = sourcecode.swift; path = "UILabel+Ext.swift"; sourceTree = "<group>"; };
		CADD8478249DCB4B0085D76E /* MeasurementsView.xib */ = {isa = PBXFileReference; lastKnownFileType = file.xib; path = MeasurementsView.xib; sourceTree = "<group>"; };
		CADD847A249E903F0085D76E /* ReservationsViewController.swift */ = {isa = PBXFileReference; lastKnownFileType = sourcecode.swift; path = ReservationsViewController.swift; sourceTree = "<group>"; };
		CADD847D249EAE860085D76E /* ReservationTableViewCell.swift */ = {isa = PBXFileReference; lastKnownFileType = sourcecode.swift; path = ReservationTableViewCell.swift; sourceTree = "<group>"; };
		CADD847F249ECF590085D76E /* PlanViewController.swift */ = {isa = PBXFileReference; lastKnownFileType = sourcecode.swift; path = PlanViewController.swift; sourceTree = "<group>"; };
		CADD8481249ED0800085D76E /* UIView+Utils.swift */ = {isa = PBXFileReference; lastKnownFileType = sourcecode.swift; path = "UIView+Utils.swift"; sourceTree = "<group>"; };
		CADD848324A01E0F0085D76E /* LauncherViewController.swift */ = {isa = PBXFileReference; lastKnownFileType = sourcecode.swift; path = LauncherViewController.swift; sourceTree = "<group>"; };
		CADD848524A01F4F0085D76E /* LauncherViewModel.swift */ = {isa = PBXFileReference; lastKnownFileType = sourcecode.swift; path = LauncherViewModel.swift; sourceTree = "<group>"; };
		CADD848724A053C40085D76E /* LoadingView.xib */ = {isa = PBXFileReference; lastKnownFileType = file.xib; path = LoadingView.xib; sourceTree = "<group>"; };
		CADD848924A054110085D76E /* LoadingView.swift */ = {isa = PBXFileReference; lastKnownFileType = sourcecode.swift; path = LoadingView.swift; sourceTree = "<group>"; };
		CADD848B24A0558D0085D76E /* UIViewController+Spinner.swift */ = {isa = PBXFileReference; lastKnownFileType = sourcecode.swift; path = "UIViewController+Spinner.swift"; sourceTree = "<group>"; };
		CADD848D24A2BECF0085D76E /* String+Validations.swift */ = {isa = PBXFileReference; lastKnownFileType = sourcecode.swift; path = "String+Validations.swift"; sourceTree = "<group>"; };
		CADD848F24A2C0070085D76E /* MeasurementsViewModel.swift */ = {isa = PBXFileReference; lastKnownFileType = sourcecode.swift; path = MeasurementsViewModel.swift; sourceTree = "<group>"; };
		CADD849224A2C5DE0085D76E /* Measurement.swift */ = {isa = PBXFileReference; lastKnownFileType = sourcecode.swift; path = Measurement.swift; sourceTree = "<group>"; };
		CADD849424A3CF010085D76E /* Reservation.swift */ = {isa = PBXFileReference; lastKnownFileType = sourcecode.swift; path = Reservation.swift; sourceTree = "<group>"; };
		CADD849624A418F00085D76E /* ReservationsViewModel.swift */ = {isa = PBXFileReference; lastKnownFileType = sourcecode.swift; path = ReservationsViewModel.swift; sourceTree = "<group>"; };
		CADD849824A6B0B70085D76E /* PlanViewModel.swift */ = {isa = PBXFileReference; lastKnownFileType = sourcecode.swift; path = PlanViewModel.swift; sourceTree = "<group>"; };
		CADD849A24A6B1630085D76E /* Plan.swift */ = {isa = PBXFileReference; lastKnownFileType = sourcecode.swift; path = Plan.swift; sourceTree = "<group>"; };
		CADD849C24A6B1720085D76E /* Routine.swift */ = {isa = PBXFileReference; lastKnownFileType = sourcecode.swift; path = Routine.swift; sourceTree = "<group>"; };
		CADD849E24A6B1840085D76E /* Block.swift */ = {isa = PBXFileReference; lastKnownFileType = sourcecode.swift; path = Block.swift; sourceTree = "<group>"; };
		CADD84A024A6B1930085D76E /* Exercise.swift */ = {isa = PBXFileReference; lastKnownFileType = sourcecode.swift; path = Exercise.swift; sourceTree = "<group>"; };
		CADD84A224A6C71C0085D76E /* RoutineCell.swift */ = {isa = PBXFileReference; lastKnownFileType = sourcecode.swift; path = RoutineCell.swift; sourceTree = "<group>"; };
/* End PBXFileReference section */

/* Begin PBXFrameworksBuildPhase section */
		CA9B282724802F780003E870 /* Frameworks */ = {
			isa = PBXFrameworksBuildPhase;
			buildActionMask = 2147483647;
			files = (
				5340F0926BCD031CC70D753A /* Pods_BrainMove.framework in Frameworks */,
			);
			runOnlyForDeploymentPostprocessing = 0;
		};
		CA9B283D24802F790003E870 /* Frameworks */ = {
			isa = PBXFrameworksBuildPhase;
			buildActionMask = 2147483647;
			files = (
				D4F8B7560CD831848D60B268 /* Pods_BrainMoveTests.framework in Frameworks */,
			);
			runOnlyForDeploymentPostprocessing = 0;
		};
		CA9B284824802F790003E870 /* Frameworks */ = {
			isa = PBXFrameworksBuildPhase;
			buildActionMask = 2147483647;
			files = (
				1017FC243F7C197C2237B791 /* Pods_BrainMove_BrainMoveUITests.framework in Frameworks */,
			);
			runOnlyForDeploymentPostprocessing = 0;
		};
/* End PBXFrameworksBuildPhase section */

/* Begin PBXGroup section */
		AB8CD9778B0C36A92AAB8F59 /* Pods */ = {
			isa = PBXGroup;
			children = (
				9443E15EE953B690926FF96F /* Pods-BrainMove.debug.xcconfig */,
				9365F6B2BD0A33361563341F /* Pods-BrainMove.release.xcconfig */,
				A8BFF04B72D8C0CD86F9CD0F /* Pods-BrainMove-BrainMoveUITests.debug.xcconfig */,
				3B12C1F65979B970E4E5A9CC /* Pods-BrainMove-BrainMoveUITests.release.xcconfig */,
				38E29AB19C8853C2EFAF9036 /* Pods-BrainMoveTests.debug.xcconfig */,
				8BCABF8E66C5205F0EE9F15E /* Pods-BrainMoveTests.release.xcconfig */,
			);
			path = Pods;
			sourceTree = "<group>";
		};
		CA148BAF24AEBA7F00E7F5D4 /* Utils */ = {
			isa = PBXGroup;
			children = (
				CA148BAD24AEB94A00E7F5D4 /* ImageUploader.swift */,
				CA148BB024AEBA8D00E7F5D4 /* Constants.swift */,
			);
			path = Utils;
			sourceTree = "<group>";
		};
		CA9B282124802F780003E870 = {
			isa = PBXGroup;
			children = (
				CA9B282C24802F780003E870 /* BrainMove */,
				CA9B284324802F790003E870 /* BrainMoveTests */,
				CA9B284E24802F790003E870 /* BrainMoveUITests */,
				CA9B282B24802F780003E870 /* Products */,
				AB8CD9778B0C36A92AAB8F59 /* Pods */,
				F6625B7241A9D34CD5D361E9 /* Frameworks */,
			);
			sourceTree = "<group>";
		};
		CA9B282B24802F780003E870 /* Products */ = {
			isa = PBXGroup;
			children = (
				CA9B282A24802F780003E870 /* BrainMove.app */,
				CA9B284024802F790003E870 /* BrainMoveTests.xctest */,
				CA9B284B24802F790003E870 /* BrainMoveUITests.xctest */,
			);
			name = Products;
			sourceTree = "<group>";
		};
		CA9B282C24802F780003E870 /* BrainMove */ = {
			isa = PBXGroup;
			children = (
				CA148BAF24AEBA7F00E7F5D4 /* Utils */,
				CADD849124A2C5C90085D76E /* Model */,
				CADD847C249EAE540085D76E /* Cells */,
				CADD8466249C3CB30085D76E /* Views */,
				CA9B286C2480A61D0003E870 /* ViewModels */,
				CA9B28652480803B0003E870 /* ViewControllers */,
				CA9B2862248072210003E870 /* Localization */,
				CA9B285F24805ADD0003E870 /* extensions */,
				CA9B282D24802F780003E870 /* AppDelegate.swift */,
				CA9B282F24802F780003E870 /* SceneDelegate.swift */,
				CA9B283324802F780003E870 /* Main.storyboard */,
				CA9B283624802F780003E870 /* Assets.xcassets */,
				CA9B283824802F780003E870 /* LaunchScreen.storyboard */,
				CA9B283B24802F780003E870 /* Info.plist */,
				CA9B28712480B0010003E870 /* GoogleService-Info.plist */,
			);
			path = BrainMove;
			sourceTree = "<group>";
		};
		CA9B284324802F790003E870 /* BrainMoveTests */ = {
			isa = PBXGroup;
			children = (
				CA9B284424802F790003E870 /* BrainMoveTests.swift */,
				CA9B284624802F790003E870 /* Info.plist */,
			);
			path = BrainMoveTests;
			sourceTree = "<group>";
		};
		CA9B284E24802F790003E870 /* BrainMoveUITests */ = {
			isa = PBXGroup;
			children = (
				CA9B284F24802F790003E870 /* BrainMoveUITests.swift */,
				CA9B285124802F790003E870 /* Info.plist */,
			);
			path = BrainMoveUITests;
			sourceTree = "<group>";
		};
		CA9B285F24805ADD0003E870 /* extensions */ = {
			isa = PBXGroup;
			children = (
				CA148BB224AEBFF100E7F5D4 /* MeasurementsViewController+UIImagePicker.swift */,
				CA9B285D248058A80003E870 /* UIColorExt.swift */,
				CA9B286024805CB20003E870 /* MDCTextInputControllerFilledExt.swift */,
				CA9B286A2480A19C0003E870 /* UIViewController+TextField.swift */,
				CA9B286F2480ABFC0003E870 /* ButtonExt.swift */,
				CADD84622482F62D0085D76E /* ViewController+Snackbar.swift */,
				CADD8475249D94970085D76E /* UILabel+Ext.swift */,
				CADD8481249ED0800085D76E /* UIView+Utils.swift */,
				CADD848B24A0558D0085D76E /* UIViewController+Spinner.swift */,
				CADD848D24A2BECF0085D76E /* String+Validations.swift */,
				CA5034D824AC22AA00C09F5E /* UIViewController+Error.swift */,
				CAD9680324B69D8600D30039 /* UIImageView+Rounded.swift */,
			);
			path = extensions;
			sourceTree = "<group>";
		};
		CA9B2862248072210003E870 /* Localization */ = {
			isa = PBXGroup;
			children = (
				CA9B2863248072600003E870 /* Localizable.strings */,
			);
			path = Localization;
			sourceTree = "<group>";
		};
		CA9B28652480803B0003E870 /* ViewControllers */ = {
			isa = PBXGroup;
			children = (
				CA9B283124802F780003E870 /* ViewController.swift */,
				CA9B28662480804C0003E870 /* ForgotPasswordViewController.swift */,
				CADD84642482FDA00085D76E /* CreateAccountViewController.swift */,
				CADD8473249D93B80085D76E /* MeasurementsViewController.swift */,
				CADD847A249E903F0085D76E /* ReservationsViewController.swift */,
				CADD847F249ECF590085D76E /* PlanViewController.swift */,
				CADD848324A01E0F0085D76E /* LauncherViewController.swift */,
				CA5034BB24A7A49200C09F5E /* RoutineViewController.swift */,
				CA5034BF24A7D53F00C09F5E /* WorkoutDetailViewController.swift */,
				CA5034C624A803CB00C09F5E /* ExerciseExplanationViewController.swift */,
				CA5034CE24A91C2B00C09F5E /* TrendsViewController.swift */,
				CA148BA724AD726200E7F5D4 /* SettingsViewController.swift */,
				CA148BB424AFEAFE00E7F5D4 /* PaymentsViewController.swift */,
			);
			path = ViewControllers;
			sourceTree = "<group>";
		};
		CA9B286C2480A61D0003E870 /* ViewModels */ = {
			isa = PBXGroup;
			children = (
				CA9B286D2480A62E0003E870 /* LoginViewModel.swift */,
				CA9B28732480C0AA0003E870 /* ForgotPasswordViewModel.swift */,
				CADD848524A01F4F0085D76E /* LauncherViewModel.swift */,
				CADD848F24A2C0070085D76E /* MeasurementsViewModel.swift */,
				CADD849624A418F00085D76E /* ReservationsViewModel.swift */,
				CADD849824A6B0B70085D76E /* PlanViewModel.swift */,
				CA5034D024A98E0300C09F5E /* TrendsViewModel.swift */,
				CA5034D624AAAD0E00C09F5E /* CreateAccountViewModel.swift */,
				CA148BA924AD72EF00E7F5D4 /* SettingsViewModel.swift */,
				CA148BBA24AFF22600E7F5D4 /* PaymentsViewModel.swift */,
			);
			path = ViewModels;
			sourceTree = "<group>";
		};
		CADD8466249C3CB30085D76E /* Views */ = {
			isa = PBXGroup;
			children = (
				CADD846B249C3DDB0085D76E /* MeasurementsView.swift */,
				CADD8478249DCB4B0085D76E /* MeasurementsView.xib */,
				CADD848724A053C40085D76E /* LoadingView.xib */,
				CADD848924A054110085D76E /* LoadingView.swift */,
			);
			path = Views;
			sourceTree = "<group>";
		};
		CADD847C249EAE540085D76E /* Cells */ = {
			isa = PBXGroup;
			children = (
				CADD847D249EAE860085D76E /* ReservationTableViewCell.swift */,
				CADD84A224A6C71C0085D76E /* RoutineCell.swift */,
				CA5034B924A7A35300C09F5E /* BlockCell.swift */,
				CA5034C124A7D6DA00C09F5E /* WorkoutCell.swift */,
				CA5034C824A8050F00C09F5E /* ExerciseCell.swift */,
				CA148BB624AFEF3700E7F5D4 /* PaymentCell.swift */,
			);
			path = Cells;
			sourceTree = "<group>";
		};
		CADD849124A2C5C90085D76E /* Model */ = {
			isa = PBXGroup;
			children = (
				CADD849224A2C5DE0085D76E /* Measurement.swift */,
				CADD849424A3CF010085D76E /* Reservation.swift */,
				CADD849A24A6B1630085D76E /* Plan.swift */,
				CADD849C24A6B1720085D76E /* Routine.swift */,
				CADD849E24A6B1840085D76E /* Block.swift */,
				CADD84A024A6B1930085D76E /* Exercise.swift */,
				CA148BB824AFEFDD00E7F5D4 /* Payment.swift */,
			);
			path = Model;
			sourceTree = "<group>";
		};
		F6625B7241A9D34CD5D361E9 /* Frameworks */ = {
			isa = PBXGroup;
			children = (
				7F45776C82ED13FF81F92706 /* Pods_BrainMove.framework */,
				138A0C5F4CD7D4661F28ACE0 /* Pods_BrainMove_BrainMoveUITests.framework */,
				057E38CD066E946370269415 /* Pods_BrainMoveTests.framework */,
			);
			name = Frameworks;
			sourceTree = "<group>";
		};
/* End PBXGroup section */

/* Begin PBXNativeTarget section */
		CA9B282924802F780003E870 /* BrainMove */ = {
			isa = PBXNativeTarget;
			buildConfigurationList = CA9B285424802F790003E870 /* Build configuration list for PBXNativeTarget "BrainMove" */;
			buildPhases = (
				D40C36555877716BACC738D3 /* [CP] Check Pods Manifest.lock */,
				CA9B282624802F780003E870 /* Sources */,
				CA9B282724802F780003E870 /* Frameworks */,
				CA9B282824802F780003E870 /* Resources */,
				20216033F5CEE6B025DF9DE1 /* [CP] Embed Pods Frameworks */,
			);
			buildRules = (
			);
			dependencies = (
			);
			name = BrainMove;
			productName = BrainMove;
			productReference = CA9B282A24802F780003E870 /* BrainMove.app */;
			productType = "com.apple.product-type.application";
		};
		CA9B283F24802F790003E870 /* BrainMoveTests */ = {
			isa = PBXNativeTarget;
			buildConfigurationList = CA9B285724802F790003E870 /* Build configuration list for PBXNativeTarget "BrainMoveTests" */;
			buildPhases = (
				BB59CFD30A30BA3ACE0C6275 /* [CP] Check Pods Manifest.lock */,
				CA9B283C24802F790003E870 /* Sources */,
				CA9B283D24802F790003E870 /* Frameworks */,
				CA9B283E24802F790003E870 /* Resources */,
			);
			buildRules = (
			);
			dependencies = (
				CA9B284224802F790003E870 /* PBXTargetDependency */,
			);
			name = BrainMoveTests;
			productName = BrainMoveTests;
			productReference = CA9B284024802F790003E870 /* BrainMoveTests.xctest */;
			productType = "com.apple.product-type.bundle.unit-test";
		};
		CA9B284A24802F790003E870 /* BrainMoveUITests */ = {
			isa = PBXNativeTarget;
			buildConfigurationList = CA9B285A24802F790003E870 /* Build configuration list for PBXNativeTarget "BrainMoveUITests" */;
			buildPhases = (
				FE75920EBA7A2F841E7F4B12 /* [CP] Check Pods Manifest.lock */,
				CA9B284724802F790003E870 /* Sources */,
				CA9B284824802F790003E870 /* Frameworks */,
				CA9B284924802F790003E870 /* Resources */,
				2626BFDE01CE910E9D24A323 /* [CP] Embed Pods Frameworks */,
			);
			buildRules = (
			);
			dependencies = (
				CA9B284D24802F790003E870 /* PBXTargetDependency */,
			);
			name = BrainMoveUITests;
			productName = BrainMoveUITests;
			productReference = CA9B284B24802F790003E870 /* BrainMoveUITests.xctest */;
			productType = "com.apple.product-type.bundle.ui-testing";
		};
/* End PBXNativeTarget section */

/* Begin PBXProject section */
		CA9B282224802F780003E870 /* Project object */ = {
			isa = PBXProject;
			attributes = {
				LastSwiftUpdateCheck = 1150;
				LastUpgradeCheck = 1150;
				ORGANIZATIONNAME = "Heriberto Ureña Madrigal";
				TargetAttributes = {
					CA9B282924802F780003E870 = {
						CreatedOnToolsVersion = 11.5;
					};
					CA9B283F24802F790003E870 = {
						CreatedOnToolsVersion = 11.5;
						TestTargetID = CA9B282924802F780003E870;
					};
					CA9B284A24802F790003E870 = {
						CreatedOnToolsVersion = 11.5;
						TestTargetID = CA9B282924802F780003E870;
					};
				};
			};
			buildConfigurationList = CA9B282524802F780003E870 /* Build configuration list for PBXProject "BrainMove" */;
			compatibilityVersion = "Xcode 9.3";
			developmentRegion = en;
			hasScannedForEncodings = 0;
			knownRegions = (
				en,
				Base,
			);
			mainGroup = CA9B282124802F780003E870;
			productRefGroup = CA9B282B24802F780003E870 /* Products */;
			projectDirPath = "";
			projectRoot = "";
			targets = (
				CA9B282924802F780003E870 /* BrainMove */,
				CA9B283F24802F790003E870 /* BrainMoveTests */,
				CA9B284A24802F790003E870 /* BrainMoveUITests */,
			);
		};
/* End PBXProject section */

/* Begin PBXResourcesBuildPhase section */
		CA9B282824802F780003E870 /* Resources */ = {
			isa = PBXResourcesBuildPhase;
			buildActionMask = 2147483647;
			files = (
				CA9B283A24802F780003E870 /* LaunchScreen.storyboard in Resources */,
				CA9B2864248072610003E870 /* Localizable.strings in Resources */,
				CA9B28722480B0010003E870 /* GoogleService-Info.plist in Resources */,
				CADD8479249DCB4B0085D76E /* MeasurementsView.xib in Resources */,
				CADD848824A053C40085D76E /* LoadingView.xib in Resources */,
				CA9B283724802F780003E870 /* Assets.xcassets in Resources */,
				CA9B283524802F780003E870 /* Main.storyboard in Resources */,
			);
			runOnlyForDeploymentPostprocessing = 0;
		};
		CA9B283E24802F790003E870 /* Resources */ = {
			isa = PBXResourcesBuildPhase;
			buildActionMask = 2147483647;
			files = (
			);
			runOnlyForDeploymentPostprocessing = 0;
		};
		CA9B284924802F790003E870 /* Resources */ = {
			isa = PBXResourcesBuildPhase;
			buildActionMask = 2147483647;
			files = (
			);
			runOnlyForDeploymentPostprocessing = 0;
		};
/* End PBXResourcesBuildPhase section */

/* Begin PBXShellScriptBuildPhase section */
		20216033F5CEE6B025DF9DE1 /* [CP] Embed Pods Frameworks */ = {
			isa = PBXShellScriptBuildPhase;
			buildActionMask = 2147483647;
			files = (
			);
			inputFileListPaths = (
				"${PODS_ROOT}/Target Support Files/Pods-BrainMove/Pods-BrainMove-frameworks-${CONFIGURATION}-input-files.xcfilelist",
			);
			name = "[CP] Embed Pods Frameworks";
			outputFileListPaths = (
				"${PODS_ROOT}/Target Support Files/Pods-BrainMove/Pods-BrainMove-frameworks-${CONFIGURATION}-output-files.xcfilelist",
			);
			runOnlyForDeploymentPostprocessing = 0;
			shellPath = /bin/sh;
			shellScript = "\"${PODS_ROOT}/Target Support Files/Pods-BrainMove/Pods-BrainMove-frameworks.sh\"\n";
			showEnvVarsInLog = 0;
		};
		2626BFDE01CE910E9D24A323 /* [CP] Embed Pods Frameworks */ = {
			isa = PBXShellScriptBuildPhase;
			buildActionMask = 2147483647;
			files = (
			);
			inputFileListPaths = (
				"${PODS_ROOT}/Target Support Files/Pods-BrainMove-BrainMoveUITests/Pods-BrainMove-BrainMoveUITests-frameworks-${CONFIGURATION}-input-files.xcfilelist",
			);
			name = "[CP] Embed Pods Frameworks";
			outputFileListPaths = (
				"${PODS_ROOT}/Target Support Files/Pods-BrainMove-BrainMoveUITests/Pods-BrainMove-BrainMoveUITests-frameworks-${CONFIGURATION}-output-files.xcfilelist",
			);
			runOnlyForDeploymentPostprocessing = 0;
			shellPath = /bin/sh;
			shellScript = "\"${PODS_ROOT}/Target Support Files/Pods-BrainMove-BrainMoveUITests/Pods-BrainMove-BrainMoveUITests-frameworks.sh\"\n";
			showEnvVarsInLog = 0;
		};
		BB59CFD30A30BA3ACE0C6275 /* [CP] Check Pods Manifest.lock */ = {
			isa = PBXShellScriptBuildPhase;
			buildActionMask = 2147483647;
			files = (
			);
			inputFileListPaths = (
			);
			inputPaths = (
				"${PODS_PODFILE_DIR_PATH}/Podfile.lock",
				"${PODS_ROOT}/Manifest.lock",
			);
			name = "[CP] Check Pods Manifest.lock";
			outputFileListPaths = (
			);
			outputPaths = (
				"$(DERIVED_FILE_DIR)/Pods-BrainMoveTests-checkManifestLockResult.txt",
			);
			runOnlyForDeploymentPostprocessing = 0;
			shellPath = /bin/sh;
			shellScript = "diff \"${PODS_PODFILE_DIR_PATH}/Podfile.lock\" \"${PODS_ROOT}/Manifest.lock\" > /dev/null\nif [ $? != 0 ] ; then\n    # print error to STDERR\n    echo \"error: The sandbox is not in sync with the Podfile.lock. Run 'pod install' or update your CocoaPods installation.\" >&2\n    exit 1\nfi\n# This output is used by Xcode 'outputs' to avoid re-running this script phase.\necho \"SUCCESS\" > \"${SCRIPT_OUTPUT_FILE_0}\"\n";
			showEnvVarsInLog = 0;
		};
		D40C36555877716BACC738D3 /* [CP] Check Pods Manifest.lock */ = {
			isa = PBXShellScriptBuildPhase;
			buildActionMask = 2147483647;
			files = (
			);
			inputFileListPaths = (
			);
			inputPaths = (
				"${PODS_PODFILE_DIR_PATH}/Podfile.lock",
				"${PODS_ROOT}/Manifest.lock",
			);
			name = "[CP] Check Pods Manifest.lock";
			outputFileListPaths = (
			);
			outputPaths = (
				"$(DERIVED_FILE_DIR)/Pods-BrainMove-checkManifestLockResult.txt",
			);
			runOnlyForDeploymentPostprocessing = 0;
			shellPath = /bin/sh;
			shellScript = "diff \"${PODS_PODFILE_DIR_PATH}/Podfile.lock\" \"${PODS_ROOT}/Manifest.lock\" > /dev/null\nif [ $? != 0 ] ; then\n    # print error to STDERR\n    echo \"error: The sandbox is not in sync with the Podfile.lock. Run 'pod install' or update your CocoaPods installation.\" >&2\n    exit 1\nfi\n# This output is used by Xcode 'outputs' to avoid re-running this script phase.\necho \"SUCCESS\" > \"${SCRIPT_OUTPUT_FILE_0}\"\n";
			showEnvVarsInLog = 0;
		};
		FE75920EBA7A2F841E7F4B12 /* [CP] Check Pods Manifest.lock */ = {
			isa = PBXShellScriptBuildPhase;
			buildActionMask = 2147483647;
			files = (
			);
			inputFileListPaths = (
			);
			inputPaths = (
				"${PODS_PODFILE_DIR_PATH}/Podfile.lock",
				"${PODS_ROOT}/Manifest.lock",
			);
			name = "[CP] Check Pods Manifest.lock";
			outputFileListPaths = (
			);
			outputPaths = (
				"$(DERIVED_FILE_DIR)/Pods-BrainMove-BrainMoveUITests-checkManifestLockResult.txt",
			);
			runOnlyForDeploymentPostprocessing = 0;
			shellPath = /bin/sh;
			shellScript = "diff \"${PODS_PODFILE_DIR_PATH}/Podfile.lock\" \"${PODS_ROOT}/Manifest.lock\" > /dev/null\nif [ $? != 0 ] ; then\n    # print error to STDERR\n    echo \"error: The sandbox is not in sync with the Podfile.lock. Run 'pod install' or update your CocoaPods installation.\" >&2\n    exit 1\nfi\n# This output is used by Xcode 'outputs' to avoid re-running this script phase.\necho \"SUCCESS\" > \"${SCRIPT_OUTPUT_FILE_0}\"\n";
			showEnvVarsInLog = 0;
		};
/* End PBXShellScriptBuildPhase section */

/* Begin PBXSourcesBuildPhase section */
		CA9B282624802F780003E870 /* Sources */ = {
			isa = PBXSourcesBuildPhase;
			buildActionMask = 2147483647;
			files = (
				CA9B283224802F780003E870 /* ViewController.swift in Sources */,
				CA9B285E248058A80003E870 /* UIColorExt.swift in Sources */,
				CADD84A324A6C71C0085D76E /* RoutineCell.swift in Sources */,
				CADD849524A3CF010085D76E /* Reservation.swift in Sources */,
				CA9B28672480804C0003E870 /* ForgotPasswordViewController.swift in Sources */,
				CADD849024A2C0070085D76E /* MeasurementsViewModel.swift in Sources */,
				CADD848A24A054110085D76E /* LoadingView.swift in Sources */,
				CA5034BC24A7A49200C09F5E /* RoutineViewController.swift in Sources */,
				CADD84632482F62D0085D76E /* ViewController+Snackbar.swift in Sources */,
				CADD848624A01F4F0085D76E /* LauncherViewModel.swift in Sources */,
				CA5034BA24A7A35300C09F5E /* BlockCell.swift in Sources */,
				CA9B282E24802F780003E870 /* AppDelegate.swift in Sources */,
				CA5034C724A803CB00C09F5E /* ExerciseExplanationViewController.swift in Sources */,
				CADD849324A2C5DE0085D76E /* Measurement.swift in Sources */,
				CADD849924A6B0B70085D76E /* PlanViewModel.swift in Sources */,
				CA148BB524AFEAFE00E7F5D4 /* PaymentsViewController.swift in Sources */,
				CADD847E249EAE860085D76E /* ReservationTableViewCell.swift in Sources */,
				CA5034D724AAAD0E00C09F5E /* CreateAccountViewModel.swift in Sources */,
				CADD849724A418F00085D76E /* ReservationsViewModel.swift in Sources */,
				CADD84652482FDA00085D76E /* CreateAccountViewController.swift in Sources */,
				CADD849B24A6B1640085D76E /* Plan.swift in Sources */,
				CADD8482249ED0800085D76E /* UIView+Utils.swift in Sources */,
				CADD848C24A0558D0085D76E /* UIViewController+Spinner.swift in Sources */,
				CA148BBB24AFF22600E7F5D4 /* PaymentsViewModel.swift in Sources */,
				CADD84A124A6B1930085D76E /* Exercise.swift in Sources */,
				CADD849F24A6B1840085D76E /* Block.swift in Sources */,
				CADD848E24A2BECF0085D76E /* String+Validations.swift in Sources */,
				CA148BA824AD726200E7F5D4 /* SettingsViewController.swift in Sources */,
				CA148BAE24AEB94A00E7F5D4 /* ImageUploader.swift in Sources */,
				CADD8474249D93B80085D76E /* MeasurementsViewController.swift in Sources */,
				CA9B283024802F780003E870 /* SceneDelegate.swift in Sources */,
				CA5034C924A8050F00C09F5E /* ExerciseCell.swift in Sources */,
				CA9B28702480ABFC0003E870 /* ButtonExt.swift in Sources */,
				CA5034C224A7D6DA00C09F5E /* WorkoutCell.swift in Sources */,
				CA9B28742480C0AA0003E870 /* ForgotPasswordViewModel.swift in Sources */,
				CA148BB124AEBA8D00E7F5D4 /* Constants.swift in Sources */,
				CA5034D924AC22AA00C09F5E /* UIViewController+Error.swift in Sources */,
				CA5034D124A98E0300C09F5E /* TrendsViewModel.swift in Sources */,
				CA9B286B2480A19C0003E870 /* UIViewController+TextField.swift in Sources */,
				CADD8476249D94970085D76E /* UILabel+Ext.swift in Sources */,
				CA9B286124805CB20003E870 /* MDCTextInputControllerFilledExt.swift in Sources */,
				CA5034CF24A91C2B00C09F5E /* TrendsViewController.swift in Sources */,
				CA5034C024A7D53F00C09F5E /* WorkoutDetailViewController.swift in Sources */,
				CA9B286E2480A62E0003E870 /* LoginViewModel.swift in Sources */,
				CAD9680424B69D8600D30039 /* UIImageView+Rounded.swift in Sources */,
				CADD849D24A6B1720085D76E /* Routine.swift in Sources */,
				CA148BB724AFEF3700E7F5D4 /* PaymentCell.swift in Sources */,
				CADD848424A01E0F0085D76E /* LauncherViewController.swift in Sources */,
				CADD847B249E903F0085D76E /* ReservationsViewController.swift in Sources */,
				CA148BB324AEBFF100E7F5D4 /* MeasurementsViewController+UIImagePicker.swift in Sources */,
				CADD846C249C3DDB0085D76E /* MeasurementsView.swift in Sources */,
				CADD8480249ECF590085D76E /* PlanViewController.swift in Sources */,
				CA148BB924AFEFDD00E7F5D4 /* Payment.swift in Sources */,
				CA148BAA24AD72EF00E7F5D4 /* SettingsViewModel.swift in Sources */,
			);
			runOnlyForDeploymentPostprocessing = 0;
		};
		CA9B283C24802F790003E870 /* Sources */ = {
			isa = PBXSourcesBuildPhase;
			buildActionMask = 2147483647;
			files = (
				CA9B284524802F790003E870 /* BrainMoveTests.swift in Sources */,
			);
			runOnlyForDeploymentPostprocessing = 0;
		};
		CA9B284724802F790003E870 /* Sources */ = {
			isa = PBXSourcesBuildPhase;
			buildActionMask = 2147483647;
			files = (
				CA9B285024802F790003E870 /* BrainMoveUITests.swift in Sources */,
			);
			runOnlyForDeploymentPostprocessing = 0;
		};
/* End PBXSourcesBuildPhase section */

/* Begin PBXTargetDependency section */
		CA9B284224802F790003E870 /* PBXTargetDependency */ = {
			isa = PBXTargetDependency;
			target = CA9B282924802F780003E870 /* BrainMove */;
			targetProxy = CA9B284124802F790003E870 /* PBXContainerItemProxy */;
		};
		CA9B284D24802F790003E870 /* PBXTargetDependency */ = {
			isa = PBXTargetDependency;
			target = CA9B282924802F780003E870 /* BrainMove */;
			targetProxy = CA9B284C24802F790003E870 /* PBXContainerItemProxy */;
		};
/* End PBXTargetDependency section */

/* Begin PBXVariantGroup section */
		CA9B283324802F780003E870 /* Main.storyboard */ = {
			isa = PBXVariantGroup;
			children = (
				CA9B283424802F780003E870 /* Base */,
			);
			name = Main.storyboard;
			sourceTree = "<group>";
		};
		CA9B283824802F780003E870 /* LaunchScreen.storyboard */ = {
			isa = PBXVariantGroup;
			children = (
				CA9B283924802F780003E870 /* Base */,
			);
			name = LaunchScreen.storyboard;
			sourceTree = "<group>";
		};
/* End PBXVariantGroup section */

/* Begin XCBuildConfiguration section */
		CA9B285224802F790003E870 /* Debug */ = {
			isa = XCBuildConfiguration;
			buildSettings = {
				ALWAYS_SEARCH_USER_PATHS = NO;
				CLANG_ANALYZER_NONNULL = YES;
				CLANG_ANALYZER_NUMBER_OBJECT_CONVERSION = YES_AGGRESSIVE;
				CLANG_CXX_LANGUAGE_STANDARD = "gnu++14";
				CLANG_CXX_LIBRARY = "libc++";
				CLANG_ENABLE_MODULES = YES;
				CLANG_ENABLE_OBJC_ARC = YES;
				CLANG_ENABLE_OBJC_WEAK = YES;
				CLANG_WARN_BLOCK_CAPTURE_AUTORELEASING = YES;
				CLANG_WARN_BOOL_CONVERSION = YES;
				CLANG_WARN_COMMA = YES;
				CLANG_WARN_CONSTANT_CONVERSION = YES;
				CLANG_WARN_DEPRECATED_OBJC_IMPLEMENTATIONS = YES;
				CLANG_WARN_DIRECT_OBJC_ISA_USAGE = YES_ERROR;
				CLANG_WARN_DOCUMENTATION_COMMENTS = YES;
				CLANG_WARN_EMPTY_BODY = YES;
				CLANG_WARN_ENUM_CONVERSION = YES;
				CLANG_WARN_INFINITE_RECURSION = YES;
				CLANG_WARN_INT_CONVERSION = YES;
				CLANG_WARN_NON_LITERAL_NULL_CONVERSION = YES;
				CLANG_WARN_OBJC_IMPLICIT_RETAIN_SELF = YES;
				CLANG_WARN_OBJC_LITERAL_CONVERSION = YES;
				CLANG_WARN_OBJC_ROOT_CLASS = YES_ERROR;
				CLANG_WARN_RANGE_LOOP_ANALYSIS = YES;
				CLANG_WARN_STRICT_PROTOTYPES = YES;
				CLANG_WARN_SUSPICIOUS_MOVE = YES;
				CLANG_WARN_UNGUARDED_AVAILABILITY = YES_AGGRESSIVE;
				CLANG_WARN_UNREACHABLE_CODE = YES;
				CLANG_WARN__DUPLICATE_METHOD_MATCH = YES;
				COPY_PHASE_STRIP = NO;
				DEBUG_INFORMATION_FORMAT = dwarf;
				ENABLE_STRICT_OBJC_MSGSEND = YES;
				ENABLE_TESTABILITY = YES;
				GCC_C_LANGUAGE_STANDARD = gnu11;
				GCC_DYNAMIC_NO_PIC = NO;
				GCC_NO_COMMON_BLOCKS = YES;
				GCC_OPTIMIZATION_LEVEL = 0;
				GCC_PREPROCESSOR_DEFINITIONS = (
					"DEBUG=1",
					"$(inherited)",
				);
				GCC_WARN_64_TO_32_BIT_CONVERSION = YES;
				GCC_WARN_ABOUT_RETURN_TYPE = YES_ERROR;
				GCC_WARN_UNDECLARED_SELECTOR = YES;
				GCC_WARN_UNINITIALIZED_AUTOS = YES_AGGRESSIVE;
				GCC_WARN_UNUSED_FUNCTION = YES;
				GCC_WARN_UNUSED_VARIABLE = YES;
				IPHONEOS_DEPLOYMENT_TARGET = 13.5;
				MTL_ENABLE_DEBUG_INFO = INCLUDE_SOURCE;
				MTL_FAST_MATH = YES;
				ONLY_ACTIVE_ARCH = YES;
				SDKROOT = iphoneos;
				SWIFT_ACTIVE_COMPILATION_CONDITIONS = DEBUG;
				SWIFT_OPTIMIZATION_LEVEL = "-Onone";
			};
			name = Debug;
		};
		CA9B285324802F790003E870 /* Release */ = {
			isa = XCBuildConfiguration;
			buildSettings = {
				ALWAYS_SEARCH_USER_PATHS = NO;
				CLANG_ANALYZER_NONNULL = YES;
				CLANG_ANALYZER_NUMBER_OBJECT_CONVERSION = YES_AGGRESSIVE;
				CLANG_CXX_LANGUAGE_STANDARD = "gnu++14";
				CLANG_CXX_LIBRARY = "libc++";
				CLANG_ENABLE_MODULES = YES;
				CLANG_ENABLE_OBJC_ARC = YES;
				CLANG_ENABLE_OBJC_WEAK = YES;
				CLANG_WARN_BLOCK_CAPTURE_AUTORELEASING = YES;
				CLANG_WARN_BOOL_CONVERSION = YES;
				CLANG_WARN_COMMA = YES;
				CLANG_WARN_CONSTANT_CONVERSION = YES;
				CLANG_WARN_DEPRECATED_OBJC_IMPLEMENTATIONS = YES;
				CLANG_WARN_DIRECT_OBJC_ISA_USAGE = YES_ERROR;
				CLANG_WARN_DOCUMENTATION_COMMENTS = YES;
				CLANG_WARN_EMPTY_BODY = YES;
				CLANG_WARN_ENUM_CONVERSION = YES;
				CLANG_WARN_INFINITE_RECURSION = YES;
				CLANG_WARN_INT_CONVERSION = YES;
				CLANG_WARN_NON_LITERAL_NULL_CONVERSION = YES;
				CLANG_WARN_OBJC_IMPLICIT_RETAIN_SELF = YES;
				CLANG_WARN_OBJC_LITERAL_CONVERSION = YES;
				CLANG_WARN_OBJC_ROOT_CLASS = YES_ERROR;
				CLANG_WARN_RANGE_LOOP_ANALYSIS = YES;
				CLANG_WARN_STRICT_PROTOTYPES = YES;
				CLANG_WARN_SUSPICIOUS_MOVE = YES;
				CLANG_WARN_UNGUARDED_AVAILABILITY = YES_AGGRESSIVE;
				CLANG_WARN_UNREACHABLE_CODE = YES;
				CLANG_WARN__DUPLICATE_METHOD_MATCH = YES;
				COPY_PHASE_STRIP = NO;
				DEBUG_INFORMATION_FORMAT = "dwarf-with-dsym";
				ENABLE_NS_ASSERTIONS = NO;
				ENABLE_STRICT_OBJC_MSGSEND = YES;
				GCC_C_LANGUAGE_STANDARD = gnu11;
				GCC_NO_COMMON_BLOCKS = YES;
				GCC_WARN_64_TO_32_BIT_CONVERSION = YES;
				GCC_WARN_ABOUT_RETURN_TYPE = YES_ERROR;
				GCC_WARN_UNDECLARED_SELECTOR = YES;
				GCC_WARN_UNINITIALIZED_AUTOS = YES_AGGRESSIVE;
				GCC_WARN_UNUSED_FUNCTION = YES;
				GCC_WARN_UNUSED_VARIABLE = YES;
				IPHONEOS_DEPLOYMENT_TARGET = 13.5;
				MTL_ENABLE_DEBUG_INFO = NO;
				MTL_FAST_MATH = YES;
				SDKROOT = iphoneos;
				SWIFT_COMPILATION_MODE = wholemodule;
				SWIFT_OPTIMIZATION_LEVEL = "-O";
				VALIDATE_PRODUCT = YES;
			};
			name = Release;
		};
		CA9B285524802F790003E870 /* Debug */ = {
			isa = XCBuildConfiguration;
			baseConfigurationReference = 9443E15EE953B690926FF96F /* Pods-BrainMove.debug.xcconfig */;
			buildSettings = {
				ASSETCATALOG_COMPILER_APPICON_NAME = AppIcon;
				CODE_SIGN_STYLE = Automatic;
				DEVELOPMENT_TEAM = A86G9Z8393;
				INFOPLIST_FILE = BrainMove/Info.plist;
				LD_RUNPATH_SEARCH_PATHS = (
					"$(inherited)",
					"@executable_path/Frameworks",
				);
				PRODUCT_BUNDLE_IDENTIFIER = com.loguito.brainmove;
				PRODUCT_NAME = "$(TARGET_NAME)";
				SWIFT_VERSION = 5.0;
				TARGETED_DEVICE_FAMILY = "1,2";
			};
			name = Debug;
		};
		CA9B285624802F790003E870 /* Release */ = {
			isa = XCBuildConfiguration;
			baseConfigurationReference = 9365F6B2BD0A33361563341F /* Pods-BrainMove.release.xcconfig */;
			buildSettings = {
				ASSETCATALOG_COMPILER_APPICON_NAME = AppIcon;
				CODE_SIGN_STYLE = Automatic;
				DEVELOPMENT_TEAM = A86G9Z8393;
				INFOPLIST_FILE = BrainMove/Info.plist;
				LD_RUNPATH_SEARCH_PATHS = (
					"$(inherited)",
					"@executable_path/Frameworks",
				);
				PRODUCT_BUNDLE_IDENTIFIER = com.loguito.brainmove;
				PRODUCT_NAME = "$(TARGET_NAME)";
				SWIFT_VERSION = 5.0;
				TARGETED_DEVICE_FAMILY = "1,2";
			};
			name = Release;
		};
		CA9B285824802F790003E870 /* Debug */ = {
			isa = XCBuildConfiguration;
			baseConfigurationReference = 38E29AB19C8853C2EFAF9036 /* Pods-BrainMoveTests.debug.xcconfig */;
			buildSettings = {
				ALWAYS_EMBED_SWIFT_STANDARD_LIBRARIES = YES;
				BUNDLE_LOADER = "$(TEST_HOST)";
				CODE_SIGN_STYLE = Automatic;
				DEVELOPMENT_TEAM = A86G9Z8393;
				INFOPLIST_FILE = BrainMoveTests/Info.plist;
				IPHONEOS_DEPLOYMENT_TARGET = 13.5;
				LD_RUNPATH_SEARCH_PATHS = (
					"$(inherited)",
					"@executable_path/Frameworks",
					"@loader_path/Frameworks",
				);
				PRODUCT_BUNDLE_IDENTIFIER = com.loguito.BrainMoveTests;
				PRODUCT_NAME = "$(TARGET_NAME)";
				SWIFT_VERSION = 5.0;
				TARGETED_DEVICE_FAMILY = "1,2";
				TEST_HOST = "$(BUILT_PRODUCTS_DIR)/BrainMove.app/BrainMove";
			};
			name = Debug;
		};
		CA9B285924802F790003E870 /* Release */ = {
			isa = XCBuildConfiguration;
			baseConfigurationReference = 8BCABF8E66C5205F0EE9F15E /* Pods-BrainMoveTests.release.xcconfig */;
			buildSettings = {
				ALWAYS_EMBED_SWIFT_STANDARD_LIBRARIES = YES;
				BUNDLE_LOADER = "$(TEST_HOST)";
				CODE_SIGN_STYLE = Automatic;
				DEVELOPMENT_TEAM = A86G9Z8393;
				INFOPLIST_FILE = BrainMoveTests/Info.plist;
				IPHONEOS_DEPLOYMENT_TARGET = 13.5;
				LD_RUNPATH_SEARCH_PATHS = (
					"$(inherited)",
					"@executable_path/Frameworks",
					"@loader_path/Frameworks",
				);
				PRODUCT_BUNDLE_IDENTIFIER = com.loguito.BrainMoveTests;
				PRODUCT_NAME = "$(TARGET_NAME)";
				SWIFT_VERSION = 5.0;
				TARGETED_DEVICE_FAMILY = "1,2";
				TEST_HOST = "$(BUILT_PRODUCTS_DIR)/BrainMove.app/BrainMove";
			};
			name = Release;
		};
		CA9B285B24802F790003E870 /* Debug */ = {
			isa = XCBuildConfiguration;
			baseConfigurationReference = A8BFF04B72D8C0CD86F9CD0F /* Pods-BrainMove-BrainMoveUITests.debug.xcconfig */;
			buildSettings = {
				ALWAYS_EMBED_SWIFT_STANDARD_LIBRARIES = YES;
				CODE_SIGN_STYLE = Automatic;
				DEVELOPMENT_TEAM = A86G9Z8393;
				INFOPLIST_FILE = BrainMoveUITests/Info.plist;
				LD_RUNPATH_SEARCH_PATHS = (
					"$(inherited)",
					"@executable_path/Frameworks",
					"@loader_path/Frameworks",
				);
				PRODUCT_BUNDLE_IDENTIFIER = com.loguito.BrainMoveUITests;
				PRODUCT_NAME = "$(TARGET_NAME)";
				SWIFT_VERSION = 5.0;
				TARGETED_DEVICE_FAMILY = "1,2";
				TEST_TARGET_NAME = BrainMove;
			};
			name = Debug;
		};
		CA9B285C24802F790003E870 /* Release */ = {
			isa = XCBuildConfiguration;
			baseConfigurationReference = 3B12C1F65979B970E4E5A9CC /* Pods-BrainMove-BrainMoveUITests.release.xcconfig */;
			buildSettings = {
				ALWAYS_EMBED_SWIFT_STANDARD_LIBRARIES = YES;
				CODE_SIGN_STYLE = Automatic;
				DEVELOPMENT_TEAM = A86G9Z8393;
				INFOPLIST_FILE = BrainMoveUITests/Info.plist;
				LD_RUNPATH_SEARCH_PATHS = (
					"$(inherited)",
					"@executable_path/Frameworks",
					"@loader_path/Frameworks",
				);
				PRODUCT_BUNDLE_IDENTIFIER = com.loguito.BrainMoveUITests;
				PRODUCT_NAME = "$(TARGET_NAME)";
				SWIFT_VERSION = 5.0;
				TARGETED_DEVICE_FAMILY = "1,2";
				TEST_TARGET_NAME = BrainMove;
			};
			name = Release;
		};
/* End XCBuildConfiguration section */

/* Begin XCConfigurationList section */
		CA9B282524802F780003E870 /* Build configuration list for PBXProject "BrainMove" */ = {
			isa = XCConfigurationList;
			buildConfigurations = (
				CA9B285224802F790003E870 /* Debug */,
				CA9B285324802F790003E870 /* Release */,
			);
			defaultConfigurationIsVisible = 0;
			defaultConfigurationName = Release;
		};
		CA9B285424802F790003E870 /* Build configuration list for PBXNativeTarget "BrainMove" */ = {
			isa = XCConfigurationList;
			buildConfigurations = (
				CA9B285524802F790003E870 /* Debug */,
				CA9B285624802F790003E870 /* Release */,
			);
			defaultConfigurationIsVisible = 0;
			defaultConfigurationName = Release;
		};
		CA9B285724802F790003E870 /* Build configuration list for PBXNativeTarget "BrainMoveTests" */ = {
			isa = XCConfigurationList;
			buildConfigurations = (
				CA9B285824802F790003E870 /* Debug */,
				CA9B285924802F790003E870 /* Release */,
			);
			defaultConfigurationIsVisible = 0;
			defaultConfigurationName = Release;
		};
		CA9B285A24802F790003E870 /* Build configuration list for PBXNativeTarget "BrainMoveUITests" */ = {
			isa = XCConfigurationList;
			buildConfigurations = (
				CA9B285B24802F790003E870 /* Debug */,
				CA9B285C24802F790003E870 /* Release */,
			);
			defaultConfigurationIsVisible = 0;
			defaultConfigurationName = Release;
		};
/* End XCConfigurationList section */
	};
	rootObject = CA9B282224802F780003E870 /* Project object */;
}
